
Microsoft Visual Studio Solution File, Format Version 12.00
# Visual Studio 14
VisualStudioVersion = 14.0.23107.0
MinimumVisualStudioVersion = 10.0.40219.1
Project("{FAE04EC0-301F-11D3-BF4B-00C04F79EFBC}") = "ArrayMinMaxSolution.Service", "ArrayMinMaxSolution.Service\ArrayMinMaxSolution.Service.csproj", "{5C7AF778-462B-4191-8684-1624967DC86F}"
EndProject
Project("{FAE04EC0-301F-11D3-BF4B-00C04F79EFBC}") = "ArrayMinMaxSolution.Main", "ArrayMinMaxSolution.Main\ArrayMinMaxSolution.Main.csproj", "{F2413F4F-F516-4B1D-A93F-06368BABA67C}"
EndProject
Project("{FAE04EC0-301F-11D3-BF4B-00C04F79EFBC}") = "ArrayMinMaxSolution.Test", "ArrayMinMaxSolution.Test\ArrayMinMaxSolution.Test.csproj", "{D11432EB-17D7-4C55-B523-7C0CB28F956D}"
EndProject
Global
	GlobalSection(SolutionConfigurationPlatforms) = preSolution
		Debug|Any CPU = Debug|Any CPU
		Release|Any CPU = Release|Any CPU
	EndGlobalSection
	GlobalSection(ProjectConfigurationPlatforms) = postSolution
		{5C7AF778-462B-4191-8684-1624967DC86F}.Debug|Any CPU.ActiveCfg = Debug|Any CPU
		{5C7AF778-462B-4191-8684-1624967DC86F}.Debug|Any CPU.Build.0 = Debug|Any CPU
		{5C7AF778-462B-4191-8684-1624967DC86F}.Release|Any CPU.ActiveCfg = Release|Any CPU
		{5C7AF778-462B-4191-8684-1624967DC86F}.Release|Any CPU.Build.0 = Release|Any CPU
		{F2413F4F-F516-4B1D-A93F-06368BABA67C}.Debug|Any CPU.ActiveCfg = Debug|Any CPU
		{F2413F4F-F516-4B1D-A93F-06368BABA67C}.Debug|Any CPU.Build.0 = Debug|Any CPU
		{F2413F4F-F516-4B1D-A93F-06368BABA67C}.Release|Any CPU.ActiveCfg = Release|Any CPU
		{F2413F4F-F516-4B1D-A93F-06368BABA67C}.Release|Any CPU.Build.0 = Release|Any CPU
		{D11432EB-17D7-4C55-B523-7C0CB28F956D}.Debug|Any CPU.ActiveCfg = Debug|Any CPU
		{D11432EB-17D7-4C55-B523-7C0CB28F956D}.Debug|Any CPU.Build.0 = Debug|Any CPU
		{D11432EB-17D7-4C55-B523-7C0CB28F956D}.Release|Any CPU.ActiveCfg = Release|Any CPU
		{D11432EB-17D7-4C55-B523-7C0CB28F956D}.Release|Any CPU.Build.0 = Release|Any CPU
	EndGlobalSection
	GlobalSection(SolutionProperties) = preSolution
		HideSolutionNode = FALSE
	EndGlobalSection
EndGlobal
